// !$*UTF8*$!
{
	archiveVersion = 1;
	classes = {
	};
	objectVersion = 50;
	objects = {

/* Begin PBXBuildFile section */
		42254F9C83A1DF8DFC948673 /* Pods_SloweAppUITests.framework in Frameworks */ = {isa = PBXBuildFile; fileRef = D81A0DB22380B3A142F51F49 /* Pods_SloweAppUITests.framework */; };
		4B0920B706BC17B7EE318059 /* Pods_SloweAppTests.framework in Frameworks */ = {isa = PBXBuildFile; fileRef = 512EAC22A4AC130BE6CC6674 /* Pods_SloweAppTests.framework */; };
		989E9A1A21B00E0400F18ECD /* NewsCell.swift in Sources */ = {isa = PBXBuildFile; fileRef = 989E9A1921B00E0400F18ECD /* NewsCell.swift */; };
		989E9A1C21B0168400F18ECD /* News.swift in Sources */ = {isa = PBXBuildFile; fileRef = 989E9A1B21B0168400F18ECD /* News.swift */; };
		98A68A5321AD897300B0FFA1 /* AppDelegate.swift in Sources */ = {isa = PBXBuildFile; fileRef = 98A68A5221AD897300B0FFA1 /* AppDelegate.swift */; };
		98A68A5521AD897300B0FFA1 /* ViewController.swift in Sources */ = {isa = PBXBuildFile; fileRef = 98A68A5421AD897300B0FFA1 /* ViewController.swift */; };
		98A68A5821AD897300B0FFA1 /* Main.storyboard in Resources */ = {isa = PBXBuildFile; fileRef = 98A68A5621AD897300B0FFA1 /* Main.storyboard */; };
		98A68A5A21AD897600B0FFA1 /* Assets.xcassets in Resources */ = {isa = PBXBuildFile; fileRef = 98A68A5921AD897600B0FFA1 /* Assets.xcassets */; };
		98A68A5D21AD897600B0FFA1 /* LaunchScreen.storyboard in Resources */ = {isa = PBXBuildFile; fileRef = 98A68A5B21AD897600B0FFA1 /* LaunchScreen.storyboard */; };
		98A68A6821AD897600B0FFA1 /* SloweAppTests.swift in Sources */ = {isa = PBXBuildFile; fileRef = 98A68A6721AD897600B0FFA1 /* SloweAppTests.swift */; };
		98A68A7321AD897600B0FFA1 /* SloweAppUITests.swift in Sources */ = {isa = PBXBuildFile; fileRef = 98A68A7221AD897600B0FFA1 /* SloweAppUITests.swift */; };
		B37BC5D5EB0E401F97D36597 /* Pods_SloweApp.framework in Frameworks */ = {isa = PBXBuildFile; fileRef = 63E524685368CC34B0313332 /* Pods_SloweApp.framework */; };
/* End PBXBuildFile section */

/* Begin PBXContainerItemProxy section */
		98A68A6421AD897600B0FFA1 /* PBXContainerItemProxy */ = {
			isa = PBXContainerItemProxy;
			containerPortal = 98A68A4721AD897300B0FFA1 /* Project object */;
			proxyType = 1;
			remoteGlobalIDString = 98A68A4E21AD897300B0FFA1;
			remoteInfo = SloweApp;
		};
		98A68A6F21AD897600B0FFA1 /* PBXContainerItemProxy */ = {
			isa = PBXContainerItemProxy;
			containerPortal = 98A68A4721AD897300B0FFA1 /* Project object */;
			proxyType = 1;
			remoteGlobalIDString = 98A68A4E21AD897300B0FFA1;
			remoteInfo = SloweApp;
		};
/* End PBXContainerItemProxy section */

/* Begin PBXFileReference section */
		0F24B8D0CB256A6FDDD7DE64 /* Pods-SloweAppTests.release.xcconfig */ = {isa = PBXFileReference; includeInIndex = 1; lastKnownFileType = text.xcconfig; name = "Pods-SloweAppTests.release.xcconfig"; path = "Pods/Target Support Files/Pods-SloweAppTests/Pods-SloweAppTests.release.xcconfig"; sourceTree = "<group>"; };
		3DFB4FCE58584AF7DFD3DD8A /* Pods-SloweApp.debug.xcconfig */ = {isa = PBXFileReference; includeInIndex = 1; lastKnownFileType = text.xcconfig; name = "Pods-SloweApp.debug.xcconfig"; path = "Pods/Target Support Files/Pods-SloweApp/Pods-SloweApp.debug.xcconfig"; sourceTree = "<group>"; };
		512EAC22A4AC130BE6CC6674 /* Pods_SloweAppTests.framework */ = {isa = PBXFileReference; explicitFileType = wrapper.framework; includeInIndex = 0; path = Pods_SloweAppTests.framework; sourceTree = BUILT_PRODUCTS_DIR; };
		63E524685368CC34B0313332 /* Pods_SloweApp.framework */ = {isa = PBXFileReference; explicitFileType = wrapper.framework; includeInIndex = 0; path = Pods_SloweApp.framework; sourceTree = BUILT_PRODUCTS_DIR; };
		752B6246E758C6389DF2355E /* Pods-SloweAppUITests.release.xcconfig */ = {isa = PBXFileReference; includeInIndex = 1; lastKnownFileType = text.xcconfig; name = "Pods-SloweAppUITests.release.xcconfig"; path = "Pods/Target Support Files/Pods-SloweAppUITests/Pods-SloweAppUITests.release.xcconfig"; sourceTree = "<group>"; };
		928D2F53A0298D52D8CB4763 /* Pods-SloweApp.release.xcconfig */ = {isa = PBXFileReference; includeInIndex = 1; lastKnownFileType = text.xcconfig; name = "Pods-SloweApp.release.xcconfig"; path = "Pods/Target Support Files/Pods-SloweApp/Pods-SloweApp.release.xcconfig"; sourceTree = "<group>"; };
		989E9A1921B00E0400F18ECD /* NewsCell.swift */ = {isa = PBXFileReference; lastKnownFileType = sourcecode.swift; path = NewsCell.swift; sourceTree = "<group>"; };
		989E9A1B21B0168400F18ECD /* News.swift */ = {isa = PBXFileReference; lastKnownFileType = sourcecode.swift; path = News.swift; sourceTree = "<group>"; };
		98A68A4F21AD897300B0FFA1 /* SloweApp.app */ = {isa = PBXFileReference; explicitFileType = wrapper.application; includeInIndex = 0; path = SloweApp.app; sourceTree = BUILT_PRODUCTS_DIR; };
		98A68A5221AD897300B0FFA1 /* AppDelegate.swift */ = {isa = PBXFileReference; lastKnownFileType = sourcecode.swift; path = AppDelegate.swift; sourceTree = "<group>"; };
		98A68A5421AD897300B0FFA1 /* ViewController.swift */ = {isa = PBXFileReference; lastKnownFileType = sourcecode.swift; path = ViewController.swift; sourceTree = "<group>"; };
		98A68A5721AD897300B0FFA1 /* Base */ = {isa = PBXFileReference; lastKnownFileType = file.storyboard; name = Base; path = Base.lproj/Main.storyboard; sourceTree = "<group>"; };
		98A68A5921AD897600B0FFA1 /* Assets.xcassets */ = {isa = PBXFileReference; lastKnownFileType = folder.assetcatalog; path = Assets.xcassets; sourceTree = "<group>"; };
		98A68A5C21AD897600B0FFA1 /* Base */ = {isa = PBXFileReference; lastKnownFileType = file.storyboard; name = Base; path = Base.lproj/LaunchScreen.storyboard; sourceTree = "<group>"; };
		98A68A5E21AD897600B0FFA1 /* Info.plist */ = {isa = PBXFileReference; lastKnownFileType = text.plist.xml; path = Info.plist; sourceTree = "<group>"; };
		98A68A6321AD897600B0FFA1 /* SloweAppTests.xctest */ = {isa = PBXFileReference; explicitFileType = wrapper.cfbundle; includeInIndex = 0; path = SloweAppTests.xctest; sourceTree = BUILT_PRODUCTS_DIR; };
		98A68A6721AD897600B0FFA1 /* SloweAppTests.swift */ = {isa = PBXFileReference; lastKnownFileType = sourcecode.swift; path = SloweAppTests.swift; sourceTree = "<group>"; };
		98A68A6921AD897600B0FFA1 /* Info.plist */ = {isa = PBXFileReference; lastKnownFileType = text.plist.xml; path = Info.plist; sourceTree = "<group>"; };
		98A68A6E21AD897600B0FFA1 /* SloweAppUITests.xctest */ = {isa = PBXFileReference; explicitFileType = wrapper.cfbundle; includeInIndex = 0; path = SloweAppUITests.xctest; sourceTree = BUILT_PRODUCTS_DIR; };
		98A68A7221AD897600B0FFA1 /* SloweAppUITests.swift */ = {isa = PBXFileReference; lastKnownFileType = sourcecode.swift; path = SloweAppUITests.swift; sourceTree = "<group>"; };
		98A68A7421AD897600B0FFA1 /* Info.plist */ = {isa = PBXFileReference; lastKnownFileType = text.plist.xml; path = Info.plist; sourceTree = "<group>"; };
		9912F15F065C2A59346965E9 /* Pods-SloweAppTests.debug.xcconfig */ = {isa = PBXFileReference; includeInIndex = 1; lastKnownFileType = text.xcconfig; name = "Pods-SloweAppTests.debug.xcconfig"; path = "Pods/Target Support Files/Pods-SloweAppTests/Pods-SloweAppTests.debug.xcconfig"; sourceTree = "<group>"; };
		D59D55AAB44C2903BB5918D5 /* Pods-SloweAppUITests.debug.xcconfig */ = {isa = PBXFileReference; includeInIndex = 1; lastKnownFileType = text.xcconfig; name = "Pods-SloweAppUITests.debug.xcconfig"; path = "Pods/Target Support Files/Pods-SloweAppUITests/Pods-SloweAppUITests.debug.xcconfig"; sourceTree = "<group>"; };
		D81A0DB22380B3A142F51F49 /* Pods_SloweAppUITests.framework */ = {isa = PBXFileReference; explicitFileType = wrapper.framework; includeInIndex = 0; path = Pods_SloweAppUITests.framework; sourceTree = BUILT_PRODUCTS_DIR; };
/* End PBXFileReference section */

/* Begin PBXFrameworksBuildPhase section */
		98A68A4C21AD897300B0FFA1 /* Frameworks */ = {
			isa = PBXFrameworksBuildPhase;
			buildActionMask = 2147483647;
			files = (
				B37BC5D5EB0E401F97D36597 /* Pods_SloweApp.framework in Frameworks */,
			);
			runOnlyForDeploymentPostprocessing = 0;
		};
		98A68A6021AD897600B0FFA1 /* Frameworks */ = {
			isa = PBXFrameworksBuildPhase;
			buildActionMask = 2147483647;
			files = (
				4B0920B706BC17B7EE318059 /* Pods_SloweAppTests.framework in Frameworks */,
			);
			runOnlyForDeploymentPostprocessing = 0;
		};
		98A68A6B21AD897600B0FFA1 /* Frameworks */ = {
			isa = PBXFrameworksBuildPhase;
			buildActionMask = 2147483647;
			files = (
				42254F9C83A1DF8DFC948673 /* Pods_SloweAppUITests.framework in Frameworks */,
			);
			runOnlyForDeploymentPostprocessing = 0;
		};
/* End PBXFrameworksBuildPhase section */

/* Begin PBXGroup section */
		5A4BAAB1255475B98B93F214 /* Pods */ = {
			isa = PBXGroup;
			children = (
				3DFB4FCE58584AF7DFD3DD8A /* Pods-SloweApp.debug.xcconfig */,
				928D2F53A0298D52D8CB4763 /* Pods-SloweApp.release.xcconfig */,
				9912F15F065C2A59346965E9 /* Pods-SloweAppTests.debug.xcconfig */,
				0F24B8D0CB256A6FDDD7DE64 /* Pods-SloweAppTests.release.xcconfig */,
				D59D55AAB44C2903BB5918D5 /* Pods-SloweAppUITests.debug.xcconfig */,
				752B6246E758C6389DF2355E /* Pods-SloweAppUITests.release.xcconfig */,
			);
			name = Pods;
			sourceTree = "<group>";
		};
		98A68A4621AD897300B0FFA1 = {
			isa = PBXGroup;
			children = (
				98A68A5121AD897300B0FFA1 /* SloweApp */,
				98A68A6621AD897600B0FFA1 /* SloweAppTests */,
				98A68A7121AD897600B0FFA1 /* SloweAppUITests */,
				98A68A5021AD897300B0FFA1 /* Products */,
				5A4BAAB1255475B98B93F214 /* Pods */,
				ED2B62EC85ECD49BA364D437 /* Frameworks */,
			);
			sourceTree = "<group>";
		};
		98A68A5021AD897300B0FFA1 /* Products */ = {
			isa = PBXGroup;
			children = (
				98A68A4F21AD897300B0FFA1 /* SloweApp.app */,
				98A68A6321AD897600B0FFA1 /* SloweAppTests.xctest */,
				98A68A6E21AD897600B0FFA1 /* SloweAppUITests.xctest */,
			);
			name = Products;
			sourceTree = "<group>";
		};
		98A68A5121AD897300B0FFA1 /* SloweApp */ = {
			isa = PBXGroup;
			children = (
				98A68A5221AD897300B0FFA1 /* AppDelegate.swift */,
				98A68A5421AD897300B0FFA1 /* ViewController.swift */,
				98A68A5621AD897300B0FFA1 /* Main.storyboard */,
				989E9A1B21B0168400F18ECD /* News.swift */,
				989E9A1921B00E0400F18ECD /* NewsCell.swift */,
				98A68A5921AD897600B0FFA1 /* Assets.xcassets */,
				98A68A5B21AD897600B0FFA1 /* LaunchScreen.storyboard */,
				98A68A5E21AD897600B0FFA1 /* Info.plist */,
			);
			path = SloweApp;
			sourceTree = "<group>";
		};
		98A68A6621AD897600B0FFA1 /* SloweAppTests */ = {
			isa = PBXGroup;
			children = (
				98A68A6721AD897600B0FFA1 /* SloweAppTests.swift */,
				98A68A6921AD897600B0FFA1 /* Info.plist */,
			);
			path = SloweAppTests;
			sourceTree = "<group>";
		};
		98A68A7121AD897600B0FFA1 /* SloweAppUITests */ = {
			isa = PBXGroup;
			children = (
				98A68A7221AD897600B0FFA1 /* SloweAppUITests.swift */,
				98A68A7421AD897600B0FFA1 /* Info.plist */,
			);
			path = SloweAppUITests;
			sourceTree = "<group>";
		};
		ED2B62EC85ECD49BA364D437 /* Frameworks */ = {
			isa = PBXGroup;
			children = (
				63E524685368CC34B0313332 /* Pods_SloweApp.framework */,
				512EAC22A4AC130BE6CC6674 /* Pods_SloweAppTests.framework */,
				D81A0DB22380B3A142F51F49 /* Pods_SloweAppUITests.framework */,
			);
			name = Frameworks;
			sourceTree = "<group>";
		};
/* End PBXGroup section */

/* Begin PBXNativeTarget section */
		98A68A4E21AD897300B0FFA1 /* SloweApp */ = {
			isa = PBXNativeTarget;
			buildConfigurationList = 98A68A7721AD897600B0FFA1 /* Build configuration list for PBXNativeTarget "SloweApp" */;
			buildPhases = (
				43DD5F83E2A364568627067B /* [CP] Check Pods Manifest.lock */,
				98A68A4B21AD897300B0FFA1 /* Sources */,
				98A68A4C21AD897300B0FFA1 /* Frameworks */,
				98A68A4D21AD897300B0FFA1 /* Resources */,
				9F0BBAAEA3D3E39F394AFD67 /* [CP] Embed Pods Frameworks */,
			);
			buildRules = (
			);
			dependencies = (
			);
			name = SloweApp;
			productName = SloweApp;
			productReference = 98A68A4F21AD897300B0FFA1 /* SloweApp.app */;
			productType = "com.apple.product-type.application";
		};
		98A68A6221AD897600B0FFA1 /* SloweAppTests */ = {
			isa = PBXNativeTarget;
			buildConfigurationList = 98A68A7A21AD897600B0FFA1 /* Build configuration list for PBXNativeTarget "SloweAppTests" */;
			buildPhases = (
				96F324781818D46DFDD21217 /* [CP] Check Pods Manifest.lock */,
				98A68A5F21AD897600B0FFA1 /* Sources */,
				98A68A6021AD897600B0FFA1 /* Frameworks */,
				98A68A6121AD897600B0FFA1 /* Resources */,
			);
			buildRules = (
			);
			dependencies = (
				98A68A6521AD897600B0FFA1 /* PBXTargetDependency */,
			);
			name = SloweAppTests;
			productName = SloweAppTests;
			productReference = 98A68A6321AD897600B0FFA1 /* SloweAppTests.xctest */;
			productType = "com.apple.product-type.bundle.unit-test";
		};
		98A68A6D21AD897600B0FFA1 /* SloweAppUITests */ = {
			isa = PBXNativeTarget;
			buildConfigurationList = 98A68A7D21AD897600B0FFA1 /* Build configuration list for PBXNativeTarget "SloweAppUITests" */;
			buildPhases = (
				FB0B2B9D26807C2CB008060C /* [CP] Check Pods Manifest.lock */,
				98A68A6A21AD897600B0FFA1 /* Sources */,
				98A68A6B21AD897600B0FFA1 /* Frameworks */,
				98A68A6C21AD897600B0FFA1 /* Resources */,
			);
			buildRules = (
			);
			dependencies = (
				98A68A7021AD897600B0FFA1 /* PBXTargetDependency */,
			);
			name = SloweAppUITests;
			productName = SloweAppUITests;
			productReference = 98A68A6E21AD897600B0FFA1 /* SloweAppUITests.xctest */;
			productType = "com.apple.product-type.bundle.ui-testing";
		};
/* End PBXNativeTarget section */

/* Begin PBXProject section */
		98A68A4721AD897300B0FFA1 /* Project object */ = {
			isa = PBXProject;
			attributes = {
				LastSwiftUpdateCheck = 1010;
				LastUpgradeCheck = 1010;
				ORGANIZATIONNAME = "Joseph Izatt";
				TargetAttributes = {
					98A68A4E21AD897300B0FFA1 = {
						CreatedOnToolsVersion = 10.1;
					};
					98A68A6221AD897600B0FFA1 = {
						CreatedOnToolsVersion = 10.1;
						TestTargetID = 98A68A4E21AD897300B0FFA1;
					};
					98A68A6D21AD897600B0FFA1 = {
						CreatedOnToolsVersion = 10.1;
						TestTargetID = 98A68A4E21AD897300B0FFA1;
					};
				};
			};
			buildConfigurationList = 98A68A4A21AD897300B0FFA1 /* Build configuration list for PBXProject "SloweApp" */;
			compatibilityVersion = "Xcode 9.3";
			developmentRegion = en;
			hasScannedForEncodings = 0;
			knownRegions = (
				en,
				Base,
			);
			mainGroup = 98A68A4621AD897300B0FFA1;
			productRefGroup = 98A68A5021AD897300B0FFA1 /* Products */;
			projectDirPath = "";
			projectRoot = "";
			targets = (
				98A68A4E21AD897300B0FFA1 /* SloweApp */,
				98A68A6221AD897600B0FFA1 /* SloweAppTests */,
				98A68A6D21AD897600B0FFA1 /* SloweAppUITests */,
			);
		};
/* End PBXProject section */

/* Begin PBXResourcesBuildPhase section */
		98A68A4D21AD897300B0FFA1 /* Resources */ = {
			isa = PBXResourcesBuildPhase;
			buildActionMask = 2147483647;
			files = (
				98A68A5D21AD897600B0FFA1 /* LaunchScreen.storyboard in Resources */,
				98A68A5A21AD897600B0FFA1 /* Assets.xcassets in Resources */,
				98A68A5821AD897300B0FFA1 /* Main.storyboard in Resources */,
			);
			runOnlyForDeploymentPostprocessing = 0;
		};
		98A68A6121AD897600B0FFA1 /* Resources */ = {
			isa = PBXResourcesBuildPhase;
			buildActionMask = 2147483647;
			files = (
			);
			runOnlyForDeploymentPostprocessing = 0;
		};
		98A68A6C21AD897600B0FFA1 /* Resources */ = {
			isa = PBXResourcesBuildPhase;
			buildActionMask = 2147483647;
			files = (
			);
			runOnlyForDeploymentPostprocessing = 0;
		};
/* End PBXResourcesBuildPhase section */

/* Begin PBXShellScriptBuildPhase section */
		43DD5F83E2A364568627067B /* [CP] Check Pods Manifest.lock */ = {
			isa = PBXShellScriptBuildPhase;
			buildActionMask = 2147483647;
			files = (
			);
			inputFileListPaths = (
			);
			inputPaths = (
				"${PODS_PODFILE_DIR_PATH}/Podfile.lock",
				"${PODS_ROOT}/Manifest.lock",
			);
			name = "[CP] Check Pods Manifest.lock";
			outputFileListPaths = (
			);
			outputPaths = (
				"$(DERIVED_FILE_DIR)/Pods-SloweApp-checkManifestLockResult.txt",
			);
			runOnlyForDeploymentPostprocessing = 0;
			shellPath = /bin/sh;
			shellScript = "diff \"${PODS_PODFILE_DIR_PATH}/Podfile.lock\" \"${PODS_ROOT}/Manifest.lock\" > /dev/null\nif [ $? != 0 ] ; then\n    # print error to STDERR\n    echo \"error: The sandbox is not in sync with the Podfile.lock. Run 'pod install' or update your CocoaPods installation.\" >&2\n    exit 1\nfi\n# This output is used by Xcode 'outputs' to avoid re-running this script phase.\necho \"SUCCESS\" > \"${SCRIPT_OUTPUT_FILE_0}\"\n";
			showEnvVarsInLog = 0;
		};
		96F324781818D46DFDD21217 /* [CP] Check Pods Manifest.lock */ = {
			isa = PBXShellScriptBuildPhase;
			buildActionMask = 2147483647;
			files = (
			);
			inputFileListPaths = (
			);
			inputPaths = (
				"${PODS_PODFILE_DIR_PATH}/Podfile.lock",
				"${PODS_ROOT}/Manifest.lock",
			);
			name = "[CP] Check Pods Manifest.lock";
			outputFileListPaths = (
			);
			outputPaths = (
				"$(DERIVED_FILE_DIR)/Pods-SloweAppTests-checkManifestLockResult.txt",
			);
			runOnlyForDeploymentPostprocessing = 0;
			shellPath = /bin/sh;
			shellScript = "diff \"${PODS_PODFILE_DIR_PATH}/Podfile.lock\" \"${PODS_ROOT}/Manifest.lock\" > /dev/null\nif [ $? != 0 ] ; then\n    # print error to STDERR\n    echo \"error: The sandbox is not in sync with the Podfile.lock. Run 'pod install' or update your CocoaPods installation.\" >&2\n    exit 1\nfi\n# This output is used by Xcode 'outputs' to avoid re-running this script phase.\necho \"SUCCESS\" > \"${SCRIPT_OUTPUT_FILE_0}\"\n";
			showEnvVarsInLog = 0;
		};
		9F0BBAAEA3D3E39F394AFD67 /* [CP] Embed Pods Frameworks */ = {
			isa = PBXShellScriptBuildPhase;
			buildActionMask = 2147483647;
			files = (
			);
			inputFileListPaths = (
			);
			inputPaths = (
				"${SRCROOT}/Pods/Target Support Files/Pods-SloweApp/Pods-SloweApp-frameworks.sh",
				"${BUILT_PRODUCTS_DIR}/SwiftSoup/SwiftSoup.framework",
			);
			name = "[CP] Embed Pods Frameworks";
			outputFileListPaths = (
			);
			outputPaths = (
				"${TARGET_BUILD_DIR}/${FRAMEWORKS_FOLDER_PATH}/SwiftSoup.framework",
			);
			runOnlyForDeploymentPostprocessing = 0;
			shellPath = /bin/sh;
			shellScript = "\"${SRCROOT}/Pods/Target Support Files/Pods-SloweApp/Pods-SloweApp-frameworks.sh\"\n";
			showEnvVarsInLog = 0;
		};
		FB0B2B9D26807C2CB008060C /* [CP] Check Pods Manifest.lock */ = {
			isa = PBXShellScriptBuildPhase;
			buildActionMask = 2147483647;
			files = (
			);
			inputFileListPaths = (
			);
			inputPaths = (
				"${PODS_PODFILE_DIR_PATH}/Podfile.lock",
				"${PODS_ROOT}/Manifest.lock",
			);
			name = "[CP] Check Pods Manifest.lock";
			outputFileListPaths = (
			);
			outputPaths = (
				"$(DERIVED_FILE_DIR)/Pods-SloweAppUITests-checkManifestLockResult.txt",
			);
			runOnlyForDeploymentPostprocessing = 0;
			shellPath = /bin/sh;
			shellScript = "diff \"${PODS_PODFILE_DIR_PATH}/Podfile.lock\" \"${PODS_ROOT}/Manifest.lock\" > /dev/null\nif [ $? != 0 ] ; then\n    # print error to STDERR\n    echo \"error: The sandbox is not in sync with the Podfile.lock. Run 'pod install' or update your CocoaPods installation.\" >&2\n    exit 1\nfi\n# This output is used by Xcode 'outputs' to avoid re-running this script phase.\necho \"SUCCESS\" > \"${SCRIPT_OUTPUT_FILE_0}\"\n";
			showEnvVarsInLog = 0;
		};
/* End PBXShellScriptBuildPhase section */

/* Begin PBXSourcesBuildPhase section */
		98A68A4B21AD897300B0FFA1 /* Sources */ = {
			isa = PBXSourcesBuildPhase;
			buildActionMask = 2147483647;
			files = (
				98A68A5521AD897300B0FFA1 /* ViewController.swift in Sources */,
				989E9A1A21B00E0400F18ECD /* NewsCell.swift in Sources */,
				989E9A1C21B0168400F18ECD /* News.swift in Sources */,
				98A68A5321AD897300B0FFA1 /* AppDelegate.swift in Sources */,
			);
			runOnlyForDeploymentPostprocessing = 0;
		};
		98A68A5F21AD897600B0FFA1 /* Sources */ = {
			isa = PBXSourcesBuildPhase;
			buildActionMask = 2147483647;
			files = (
				98A68A6821AD897600B0FFA1 /* SloweAppTests.swift in Sources */,
			);
			runOnlyForDeploymentPostprocessing = 0;
		};
		98A68A6A21AD897600B0FFA1 /* Sources */ = {
			isa = PBXSourcesBuildPhase;
			buildActionMask = 2147483647;
			files = (
				98A68A7321AD897600B0FFA1 /* SloweAppUITests.swift in Sources */,
			);
			runOnlyForDeploymentPostprocessing = 0;
		};
/* End PBXSourcesBuildPhase section */

/* Begin PBXTargetDependency section */
		98A68A6521AD897600B0FFA1 /* PBXTargetDependency */ = {
			isa = PBXTargetDependency;
			target = 98A68A4E21AD897300B0FFA1 /* SloweApp */;
			targetProxy = 98A68A6421AD897600B0FFA1 /* PBXContainerItemProxy */;
		};
		98A68A7021AD897600B0FFA1 /* PBXTargetDependency */ = {
			isa = PBXTargetDependency;
			target = 98A68A4E21AD897300B0FFA1 /* SloweApp */;
			targetProxy = 98A68A6F21AD897600B0FFA1 /* PBXContainerItemProxy */;
		};
/* End PBXTargetDependency section */

/* Begin PBXVariantGroup section */
		98A68A5621AD897300B0FFA1 /* Main.storyboard */ = {
			isa = PBXVariantGroup;
			children = (
				98A68A5721AD897300B0FFA1 /* Base */,
			);
			name = Main.storyboard;
			sourceTree = "<group>";
		};
		98A68A5B21AD897600B0FFA1 /* LaunchScreen.storyboard */ = {
			isa = PBXVariantGroup;
			children = (
				98A68A5C21AD897600B0FFA1 /* Base */,
			);
			name = LaunchScreen.storyboard;
			sourceTree = "<group>";
		};
/* End PBXVariantGroup section */

/* Begin XCBuildConfiguration section */
		98A68A7521AD897600B0FFA1 /* Debug */ = {
			isa = XCBuildConfiguration;
			buildSettings = {
				ALWAYS_SEARCH_USER_PATHS = NO;
				CLANG_ANALYZER_NONNULL = YES;
				CLANG_ANALYZER_NUMBER_OBJECT_CONVERSION = YES_AGGRESSIVE;
				CLANG_CXX_LANGUAGE_STANDARD = "gnu++14";
				CLANG_CXX_LIBRARY = "libc++";
				CLANG_ENABLE_MODULES = YES;
				CLANG_ENABLE_OBJC_ARC = YES;
				CLANG_ENABLE_OBJC_WEAK = YES;
				CLANG_WARN_BLOCK_CAPTURE_AUTORELEASING = YES;
				CLANG_WARN_BOOL_CONVERSION = YES;
				CLANG_WARN_COMMA = YES;
				CLANG_WARN_CONSTANT_CONVERSION = YES;
				CLANG_WARN_DEPRECATED_OBJC_IMPLEMENTATIONS = YES;
				CLANG_WARN_DIRECT_OBJC_ISA_USAGE = YES_ERROR;
				CLANG_WARN_DOCUMENTATION_COMMENTS = YES;
				CLANG_WARN_EMPTY_BODY = YES;
				CLANG_WARN_ENUM_CONVERSION = YES;
				CLANG_WARN_INFINITE_RECURSION = YES;
				CLANG_WARN_INT_CONVERSION = YES;
				CLANG_WARN_NON_LITERAL_NULL_CONVERSION = YES;
				CLANG_WARN_OBJC_IMPLICIT_RETAIN_SELF = YES;
				CLANG_WARN_OBJC_LITERAL_CONVERSION = YES;
				CLANG_WARN_OBJC_ROOT_CLASS = YES_ERROR;
				CLANG_WARN_RANGE_LOOP_ANALYSIS = YES;
				CLANG_WARN_STRICT_PROTOTYPES = YES;
				CLANG_WARN_SUSPICIOUS_MOVE = YES;
				CLANG_WARN_UNGUARDED_AVAILABILITY = YES_AGGRESSIVE;
				CLANG_WARN_UNREACHABLE_CODE = YES;
				CLANG_WARN__DUPLICATE_METHOD_MATCH = YES;
				CODE_SIGN_IDENTITY = "iPhone Developer";
				COPY_PHASE_STRIP = NO;
				DEBUG_INFORMATION_FORMAT = dwarf;
				ENABLE_STRICT_OBJC_MSGSEND = YES;
				ENABLE_TESTABILITY = YES;
				GCC_C_LANGUAGE_STANDARD = gnu11;
				GCC_DYNAMIC_NO_PIC = NO;
				GCC_NO_COMMON_BLOCKS = YES;
				GCC_OPTIMIZATION_LEVEL = 0;
				GCC_PREPROCESSOR_DEFINITIONS = (
					"DEBUG=1",
					"$(inherited)",
				);
				GCC_WARN_64_TO_32_BIT_CONVERSION = YES;
				GCC_WARN_ABOUT_RETURN_TYPE = YES_ERROR;
				GCC_WARN_UNDECLARED_SELECTOR = YES;
				GCC_WARN_UNINITIALIZED_AUTOS = YES_AGGRESSIVE;
				GCC_WARN_UNUSED_FUNCTION = YES;
				GCC_WARN_UNUSED_VARIABLE = YES;
				IPHONEOS_DEPLOYMENT_TARGET = 12.1;
				MTL_ENABLE_DEBUG_INFO = INCLUDE_SOURCE;
				MTL_FAST_MATH = YES;
				ONLY_ACTIVE_ARCH = YES;
				SDKROOT = iphoneos;
				SWIFT_ACTIVE_COMPILATION_CONDITIONS = DEBUG;
				SWIFT_OPTIMIZATION_LEVEL = "-Onone";
			};
			name = Debug;
		};
		98A68A7621AD897600B0FFA1 /* Release */ = {
			isa = XCBuildConfiguration;
			buildSettings = {
				ALWAYS_SEARCH_USER_PATHS = NO;
				CLANG_ANALYZER_NONNULL = YES;
				CLANG_ANALYZER_NUMBER_OBJECT_CONVERSION = YES_AGGRESSIVE;
				CLANG_CXX_LANGUAGE_STANDARD = "gnu++14";
				CLANG_CXX_LIBRARY = "libc++";
				CLANG_ENABLE_MODULES = YES;
				CLANG_ENABLE_OBJC_ARC = YES;
				CLANG_ENABLE_OBJC_WEAK = YES;
				CLANG_WARN_BLOCK_CAPTURE_AUTORELEASING = YES;
				CLANG_WARN_BOOL_CONVERSION = YES;
				CLANG_WARN_COMMA = YES;
				CLANG_WARN_CONSTANT_CONVERSION = YES;
				CLANG_WARN_DEPRECATED_OBJC_IMPLEMENTATIONS = YES;
				CLANG_WARN_DIRECT_OBJC_ISA_USAGE = YES_ERROR;
				CLANG_WARN_DOCUMENTATION_COMMENTS = YES;
				CLANG_WARN_EMPTY_BODY = YES;
				CLANG_WARN_ENUM_CONVERSION = YES;
				CLANG_WARN_INFINITE_RECURSION = YES;
				CLANG_WARN_INT_CONVERSION = YES;
				CLANG_WARN_NON_LITERAL_NULL_CONVERSION = YES;
				CLANG_WARN_OBJC_IMPLICIT_RETAIN_SELF = YES;
				CLANG_WARN_OBJC_LITERAL_CONVERSION = YES;
				CLANG_WARN_OBJC_ROOT_CLASS = YES_ERROR;
				CLANG_WARN_RANGE_LOOP_ANALYSIS = YES;
				CLANG_WARN_STRICT_PROTOTYPES = YES;
				CLANG_WARN_SUSPICIOUS_MOVE = YES;
				CLANG_WARN_UNGUARDED_AVAILABILITY = YES_AGGRESSIVE;
				CLANG_WARN_UNREACHABLE_CODE = YES;
				CLANG_WARN__DUPLICATE_METHOD_MATCH = YES;
				CODE_SIGN_IDENTITY = "iPhone Developer";
				COPY_PHASE_STRIP = NO;
				DEBUG_INFORMATION_FORMAT = "dwarf-with-dsym";
				ENABLE_NS_ASSERTIONS = NO;
				ENABLE_STRICT_OBJC_MSGSEND = YES;
				GCC_C_LANGUAGE_STANDARD = gnu11;
				GCC_NO_COMMON_BLOCKS = YES;
				GCC_WARN_64_TO_32_BIT_CONVERSION = YES;
				GCC_WARN_ABOUT_RETURN_TYPE = YES_ERROR;
				GCC_WARN_UNDECLARED_SELECTOR = YES;
				GCC_WARN_UNINITIALIZED_AUTOS = YES_AGGRESSIVE;
				GCC_WARN_UNUSED_FUNCTION = YES;
				GCC_WARN_UNUSED_VARIABLE = YES;
				IPHONEOS_DEPLOYMENT_TARGET = 12.1;
				MTL_ENABLE_DEBUG_INFO = NO;
				MTL_FAST_MATH = YES;
				SDKROOT = iphoneos;
				SWIFT_COMPILATION_MODE = wholemodule;
				SWIFT_OPTIMIZATION_LEVEL = "-O";
				VALIDATE_PRODUCT = YES;
			};
			name = Release;
		};
		98A68A7821AD897600B0FFA1 /* Debug */ = {
			isa = XCBuildConfiguration;
			baseConfigurationReference = 3DFB4FCE58584AF7DFD3DD8A /* Pods-SloweApp.debug.xcconfig */;
			buildSettings = {
				ASSETCATALOG_COMPILER_APPICON_NAME = AppIcon;
				CODE_SIGN_STYLE = Automatic;
				DEVELOPMENT_TEAM = 7D2HHXD3T8;
				INFOPLIST_FILE = SloweApp/Info.plist;
				LD_RUNPATH_SEARCH_PATHS = (
					"$(inherited)",
					"@executable_path/Frameworks",
				);
				PRODUCT_BUNDLE_IDENTIFIER = com.JosephIzatt.SloweApp;
				PRODUCT_NAME = "$(TARGET_NAME)";
				SWIFT_VERSION = 4.2;
				TARGETED_DEVICE_FAMILY = "1,2";
			};
			name = Debug;
		};
		98A68A7921AD897600B0FFA1 /* Release */ = {
			isa = XCBuildConfiguration;
			baseConfigurationReference = 928D2F53A0298D52D8CB4763 /* Pods-SloweApp.release.xcconfig */;
			buildSettings = {
				ASSETCATALOG_COMPILER_APPICON_NAME = AppIcon;
				CODE_SIGN_STYLE = Automatic;
				DEVELOPMENT_TEAM = 7D2HHXD3T8;
				INFOPLIST_FILE = SloweApp/Info.plist;
				LD_RUNPATH_SEARCH_PATHS = (
					"$(inherited)",
					"@executable_path/Frameworks",
				);
				PRODUCT_BUNDLE_IDENTIFIER = com.JosephIzatt.SloweApp;
				PRODUCT_NAME = "$(TARGET_NAME)";
				SWIFT_VERSION = 4.2;
				TARGETED_DEVICE_FAMILY = "1,2";
			};
			name = Release;
		};
		98A68A7B21AD897600B0FFA1 /* Debug */ = {
			isa = XCBuildConfiguration;
			baseConfigurationReference = 9912F15F065C2A59346965E9 /* Pods-SloweAppTests.debug.xcconfig */;
			buildSettings = {
				ALWAYS_EMBED_SWIFT_STANDARD_LIBRARIES = YES;
				BUNDLE_LOADER = "$(TEST_HOST)";
				CODE_SIGN_STYLE = Automatic;
				INFOPLIST_FILE = SloweAppTests/Info.plist;
				LD_RUNPATH_SEARCH_PATHS = (
					"$(inherited)",
					"@executable_path/Frameworks",
					"@loader_path/Frameworks",
				);
				PRODUCT_BUNDLE_IDENTIFIER = com.JosephIzatt.SloweAppTests;
				PRODUCT_NAME = "$(TARGET_NAME)";
				SWIFT_VERSION = 4.2;
				TARGETED_DEVICE_FAMILY = "1,2";
				TEST_HOST = "$(BUILT_PRODUCTS_DIR)/SloweApp.app/SloweApp";
			};
			name = Debug;
		};
		98A68A7C21AD897600B0FFA1 /* Release */ = {
			isa = XCBuildConfiguration;
			baseConfigurationReference = 0F24B8D0CB256A6FDDD7DE64 /* Pods-SloweAppTests.release.xcconfig */;
			buildSettings = {
				ALWAYS_EMBED_SWIFT_STANDARD_LIBRARIES = YES;
				BUNDLE_LOADER = "$(TEST_HOST)";
				CODE_SIGN_STYLE = Automatic;
				INFOPLIST_FILE = SloweAppTests/Info.plist;
				LD_RUNPATH_SEARCH_PATHS = (
					"$(inherited)",
					"@executable_path/Frameworks",
					"@loader_path/Frameworks",
				);
				PRODUCT_BUNDLE_IDENTIFIER = com.JosephIzatt.SloweAppTests;
				PRODUCT_NAME = "$(TARGET_NAME)";
				SWIFT_VERSION = 4.2;
				TARGETED_DEVICE_FAMILY = "1,2";
				TEST_HOST = "$(BUILT_PRODUCTS_DIR)/SloweApp.app/SloweApp";
			};
			name = Release;
		};
		98A68A7E21AD897600B0FFA1 /* Debug */ = {
			isa = XCBuildConfiguration;
			baseConfigurationReference = D59D55AAB44C2903BB5918D5 /* Pods-SloweAppUITests.debug.xcconfig */;
			buildSettings = {
				ALWAYS_EMBED_SWIFT_STANDARD_LIBRARIES = YES;
				CODE_SIGN_STYLE = Automatic;
				INFOPLIST_FILE = SloweAppUITests/Info.plist;
				LD_RUNPATH_SEARCH_PATHS = (
					"$(inherited)",
					"@executable_path/Frameworks",
					"@loader_path/Frameworks",
				);
				PRODUCT_BUNDLE_IDENTIFIER = com.JosephIzatt.SloweAppUITests;
				PRODUCT_NAME = "$(TARGET_NAME)";
				SWIFT_VERSION = 4.2;
				TARGETED_DEVICE_FAMILY = "1,2";
				TEST_TARGET_NAME = SloweApp;
			};
			name = Debug;
		};
		98A68A7F21AD897600B0FFA1 /* Release */ = {
			isa = XCBuildConfiguration;
			baseConfigurationReference = 752B6246E758C6389DF2355E /* Pods-SloweAppUITests.release.xcconfig */;
			buildSettings = {
				ALWAYS_EMBED_SWIFT_STANDARD_LIBRARIES = YES;
				CODE_SIGN_STYLE = Automatic;
				INFOPLIST_FILE = SloweAppUITests/Info.plist;
				LD_RUNPATH_SEARCH_PATHS = (
					"$(inherited)",
					"@executable_path/Frameworks",
					"@loader_path/Frameworks",
				);
				PRODUCT_BUNDLE_IDENTIFIER = com.JosephIzatt.SloweAppUITests;
				PRODUCT_NAME = "$(TARGET_NAME)";
				SWIFT_VERSION = 4.2;
				TARGETED_DEVICE_FAMILY = "1,2";
				TEST_TARGET_NAME = SloweApp;
			};
			name = Release;
		};
/* End XCBuildConfiguration section */

/* Begin XCConfigurationList section */
		98A68A4A21AD897300B0FFA1 /* Build configuration list for PBXProject "SloweApp" */ = {
			isa = XCConfigurationList;
			buildConfigurations = (
				98A68A7521AD897600B0FFA1 /* Debug */,
				98A68A7621AD897600B0FFA1 /* Release */,
			);
			defaultConfigurationIsVisible = 0;
			defaultConfigurationName = Release;
		};
		98A68A7721AD897600B0FFA1 /* Build configuration list for PBXNativeTarget "SloweApp" */ = {
			isa = XCConfigurationList;
			buildConfigurations = (
				98A68A7821AD897600B0FFA1 /* Debug */,
				98A68A7921AD897600B0FFA1 /* Release */,
			);
			defaultConfigurationIsVisible = 0;
			defaultConfigurationName = Release;
		};
		98A68A7A21AD897600B0FFA1 /* Build configuration list for PBXNativeTarget "SloweAppTests" */ = {
			isa = XCConfigurationList;
			buildConfigurations = (
				98A68A7B21AD897600B0FFA1 /* Debug */,
				98A68A7C21AD897600B0FFA1 /* Release */,
			);
			defaultConfigurationIsVisible = 0;
			defaultConfigurationName = Release;
		};
		98A68A7D21AD897600B0FFA1 /* Build configuration list for PBXNativeTarget "SloweAppUITests" */ = {
			isa = XCConfigurationList;
			buildConfigurations = (
				98A68A7E21AD897600B0FFA1 /* Debug */,
				98A68A7F21AD897600B0FFA1 /* Release */,
			);
			defaultConfigurationIsVisible = 0;
			defaultConfigurationName = Release;
		};
/* End XCConfigurationList section */
	};
	rootObject = 98A68A4721AD897300B0FFA1 /* Project object */;
}
